{
  "nodes": {
    "home": {
      "inputs": {
        "nixpkgs": "nixpkgs"
      },
      "locked": {
        "lastModified": 1625016439,
        "narHash": "sha256-zHf7iCU9nYd6/7xwYx5gwDzXdXcJ9RUagdy0IgX39sQ=",
        "owner": "nix-community",
        "repo": "home-manager",
        "rev": "9ad0024d4d292c628d4c9a50c2347f23418d7000",
        "type": "github"
      },
      "original": {
        "owner": "nix-community",
        "repo": "home-manager",
        "type": "github"
      }
    },
    "nixpkgs": {
      "locked": {
        "lastModified": 1625066621,
        "narHash": "sha256-aklIClUnOUHnd8oVy4IbpqEdg/DPQnQp8Ki0/+2+lcw=",
        "owner": "NixOS",
        "repo": "nixpkgs",
        "rev": "5a18bbb4fa314b606bd0bcc774ab720100404b7f",
        "type": "github"
      },
      "original": {
        "id": "nixpkgs",
        "type": "indirect"
      }
    },
    "nixpkgs_2": {
      "locked": {
        "lastModified": 1624922035,
        "narHash": "sha256-OiIxJQuMRkICxaUwY3xMBbrPPu20de/n7tVYnWzLvS4=",
        "owner": "NixOS",
        "repo": "nixpkgs",
        "rev": "3a8d7958a610cd3fec3a6f424480f91a1b259185",
        "type": "github"
      },
      "original": {
        "owner": "NixOS",
        "ref": "nixos-unstable",
        "repo": "nixpkgs",
        "type": "github"
      }
    },
    "nur": {
      "locked": {
        "lastModified": 1625040641,
        "narHash": "sha256-KZjnTrgiPMPDsOw06xPlroCuzF9EVdGolkMOUop51fM=",
        "owner": "nix-community",
        "repo": "nur",
        "rev": "7c88425dc9189b1beea4c6984a18a7d686a208eb",
        "type": "github"
      },
      "original": {
        "owner": "nix-community",
        "repo": "nur",
        "type": "github"
      }
    },
    "root": {
      "inputs": {
        "home": "home",
        "nixpkgs": "nixpkgs_2",
        "nur": "nur"
      }
    }
  },
  "root": "root",
  "version": 7
}
