{
  "nodes": {
    "agenix": {
      "inputs": {
        "nixpkgs": "nixpkgs"
      },
      "locked": {
        "lastModified": 1665870395,
        "narHash": "sha256-Tsbqb27LDNxOoPLh0gw2hIb6L/6Ow/6lIBvqcHzEKBI=",
        "owner": "ryantm",
        "repo": "agenix",
        "rev": "a630400067c6d03c9b3e0455347dc8559db14288",
        "type": "github"
      },
      "original": {
        "owner": "ryantm",
        "repo": "agenix",
        "type": "github"
      }
    },
    "brutality": {
      "inputs": {
        "brutality": "brutality_2",
        "glory": "glory",
        "nixpkgs": "nixpkgs_2"
      },
      "locked": {
        "lastModified": 1,
        "narHash": "sha256-3wsjsLr2rsFLGE9HBzBfk1GS0yMSE1TsDfePf5esef0=",
        "path": "./derivations/brutality",
        "type": "path"
      },
      "original": {
        "path": "./derivations/brutality",
        "type": "path"
      }
    },
    "brutality_2": {
      "flake": false,
      "locked": {
        "narHash": "sha256-7MqLYTMmBWt+HkdJETfmtsBi8UPto7K3Z39U+bj8frk=",
        "type": "file",
        "url": "https://codeload.github.com/pa1nki113r/Project_Brutality/zip/refs/heads/master"
      },
      "original": {
        "type": "file",
        "url": "https://codeload.github.com/pa1nki113r/Project_Brutality/zip/refs/heads/master"
      }
    },
    "crane": {
      "inputs": {
        "flake-compat": "flake-compat",
        "flake-utils": "flake-utils",
        "nixpkgs": [
          "f2k",
          "nixpkgs"
        ]
      },
      "locked": {
        "lastModified": 1665356181,
        "narHash": "sha256-ONEzlKL5LN4Y1TRfFY6C39G2Am1YFEjArwMYJONFhhs=",
        "owner": "ipetkov",
        "repo": "crane",
        "rev": "d78cb0453b9823d2102f7b22bb98686215462416",
        "type": "github"
      },
      "original": {
        "owner": "ipetkov",
        "repo": "crane",
        "type": "github"
      }
    },
    "deemix-gui": {
      "inputs": {
        "deemix-gui": "deemix-gui_2",
        "nixpkgs": "nixpkgs_3"
      },
      "locked": {
        "lastModified": 1,
        "narHash": "sha256-Op2v8TFz1/ewv2HvrLN1YBwhZlIGbY0XtG1cdKGO/CE=",
        "path": "./derivations/deemix-gui",
        "type": "path"
      },
      "original": {
        "path": "./derivations/deemix-gui",
        "type": "path"
      }
    },
    "deemix-gui_2": {
      "flake": false,
      "locked": {
        "narHash": "sha256-ug6vAYI2BcaiHv+NzhZs6995w8IgpNLCORkCEXZ8duw=",
        "type": "file",
        "url": "https://download.deemix.app/gui/linux-x64-latest.AppImage?filename=deemix-gui.AppImage"
      },
      "original": {
        "type": "file",
        "url": "https://download.deemix.app/gui/linux-x64-latest.AppImage?filename=deemix-gui.AppImage"
      }
    },
    "f2k": {
      "inputs": {
        "crane": "crane",
        "nixpkgs": "nixpkgs_4",
        "nixpkgs-fmt": "nixpkgs-fmt",
        "river-src": "river-src",
        "wezterm-src": "wezterm-src"
      },
      "locked": {
        "lastModified": 1666069892,
        "narHash": "sha256-L4XMqmQFh9MG6LhxlLyh76Fm5/xb0tu8GBzbFn5Y/E4=",
        "owner": "fortuneteller2k",
        "repo": "nixpkgs-f2k",
        "rev": "8fffd92e13ed18e1d2b0673fda0f234f719e8b49",
        "type": "github"
      },
      "original": {
        "owner": "fortuneteller2k",
        "repo": "nixpkgs-f2k",
        "type": "github"
      }
    },
    "fenix": {
      "inputs": {
        "nixpkgs": [
          "f2k",
          "nixpkgs"
        ],
        "rust-analyzer-src": "rust-analyzer-src"
      },
      "locked": {
        "lastModified": 1637475807,
        "narHash": "sha256-E3nzOvlzZXwyo8Stp5upKsTCDcqUTYAFj4EC060A31c=",
        "owner": "nix-community",
        "repo": "fenix",
        "rev": "960e7fef45692a4fffc6df6d6b613b0399bbdfd5",
        "type": "github"
      },
      "original": {
        "owner": "nix-community",
        "repo": "fenix",
        "type": "github"
      }
    },
    "flake-compat": {
      "flake": false,
      "locked": {
        "lastModified": 1650374568,
        "narHash": "sha256-Z+s0J8/r907g149rllvwhb4pKi8Wam5ij0st8PwAh+E=",
        "owner": "edolstra",
        "repo": "flake-compat",
        "rev": "b4a34015c698c7793d592d66adbab377907a2be8",
        "type": "github"
      },
      "original": {
        "owner": "edolstra",
        "repo": "flake-compat",
        "type": "github"
      }
    },
    "flake-utils": {
      "locked": {
        "lastModified": 1659877975,
        "narHash": "sha256-zllb8aq3YO3h8B/U0/J1WBgAL8EX5yWf5pMj3G0NAmc=",
        "owner": "numtide",
        "repo": "flake-utils",
        "rev": "c0e246b9b83f637f4681389ecabcb2681b4f3af0",
        "type": "github"
      },
      "original": {
        "owner": "numtide",
        "repo": "flake-utils",
        "type": "github"
      }
    },
    "flake-utils_2": {
      "locked": {
        "lastModified": 1637014545,
        "narHash": "sha256-26IZAc5yzlD9FlDT54io1oqG/bBoyka+FJk5guaX4x4=",
        "owner": "numtide",
        "repo": "flake-utils",
        "rev": "bba5dcc8e0b20ab664967ad83d24d64cb64ec4f4",
        "type": "github"
      },
      "original": {
        "owner": "numtide",
        "repo": "flake-utils",
        "type": "github"
      }
    },
    "glory": {
      "flake": false,
      "locked": {
        "narHash": "sha256-SjRfJwuvMjxSpoWg3ANx05MWTXy3ohES3/cj1AAKx5I=",
        "type": "file",
        "url": "https://brutalrepository.pl/index.php/downloads/project-brutality/others?catid=5&id=7&m=0&task=download.send"
      },
      "original": {
        "type": "file",
        "url": "https://brutalrepository.pl/index.php/downloads/project-brutality/others?catid=5&id=7&m=0&task=download.send"
      }
    },
    "home-manager": {
      "inputs": {
        "nixpkgs": "nixpkgs_5",
        "utils": "utils"
      },
      "locked": {
        "lastModified": 1666649150,
        "narHash": "sha256-kINnLxC0KFalUk4tVO/H5hUU7FVAOYYcUSWrsBpnl+I=",
        "owner": "nix-community",
        "repo": "home-manager",
        "rev": "7dc4e4ebd71280842b4d30975439980baaac9db8",
        "type": "github"
      },
      "original": {
        "owner": "nix-community",
        "repo": "home-manager",
        "type": "github"
      }
    },
    "nixlib": {
      "locked": {
        "lastModified": 1636849918,
        "narHash": "sha256-nzUK6dPcTmNVrgTAC1EOybSMsrcx+QrVPyqRdyKLkjA=",
        "owner": "nix-community",
        "repo": "nixpkgs.lib",
        "rev": "28a5b0557f14124608db68d3ee1f77e9329e9dd5",
        "type": "github"
      },
      "original": {
        "owner": "nix-community",
        "repo": "nixpkgs.lib",
        "type": "github"
      }
    },
    "nixos-generators": {
      "inputs": {
        "nixlib": "nixlib",
        "nixpkgs": "nixpkgs_6"
      },
      "locked": {
        "lastModified": 1666016402,
        "narHash": "sha256-Cm/nrdUMXwXiFQforG1Mv8OA4o8yhuVx6E1eDFH4rew=",
        "owner": "nix-community",
        "repo": "nixos-generators",
        "rev": "688db42a1eb34853f050267ff65c975f664312f0",
        "type": "github"
      },
      "original": {
        "owner": "nix-community",
        "repo": "nixos-generators",
        "type": "github"
      }
    },
    "nixpkgs": {
      "locked": {
        "lastModified": 1665732960,
        "narHash": "sha256-WBZ+uSHKFyjvd0w4inbm0cNExYTn8lpYFcHEes8tmec=",
        "owner": "NixOS",
        "repo": "nixpkgs",
        "rev": "4428e23312933a196724da2df7ab78eb5e67a88e",
        "type": "github"
      },
      "original": {
        "owner": "NixOS",
        "ref": "nixos-unstable",
        "repo": "nixpkgs",
        "type": "github"
      }
    },
    "nixpkgs-fmt": {
      "inputs": {
        "fenix": "fenix",
        "flake-utils": "flake-utils_2",
        "nixpkgs": [
          "f2k",
          "nixpkgs"
        ]
      },
      "locked": {
        "lastModified": 1657716877,
        "narHash": "sha256-VZrLebgC/0lioEYh8oqJAhbfMyGtVNp6ASevf6t11IE=",
        "owner": "nix-community",
        "repo": "nixpkgs-fmt",
        "rev": "3c4addcc0aa9a6eb9fb64d9206733110d1153a52",
        "type": "github"
      },
      "original": {
        "owner": "nix-community",
        "repo": "nixpkgs-fmt",
        "type": "github"
      }
    },
    "nixpkgs_2": {
      "locked": {
        "lastModified": 1667055375,
        "narHash": "sha256-xfSTHYxuKRiqF4dcuAFdti1OUvrC2lHpQqCHWUK5/JA=",
        "owner": "NixOS",
        "repo": "nixpkgs",
        "rev": "7f9be6a505a31f88499c5d20d11f98accf5ae6ba",
        "type": "github"
      },
      "original": {
        "id": "nixpkgs",
        "type": "indirect"
      }
    },
    "nixpkgs_3": {
      "locked": {
        "lastModified": 1667055375,
        "narHash": "sha256-xfSTHYxuKRiqF4dcuAFdti1OUvrC2lHpQqCHWUK5/JA=",
        "owner": "NixOS",
        "repo": "nixpkgs",
        "rev": "7f9be6a505a31f88499c5d20d11f98accf5ae6ba",
        "type": "github"
      },
      "original": {
        "id": "nixpkgs",
        "type": "indirect"
      }
    },
    "nixpkgs_4": {
      "locked": {
        "lastModified": 1665806807,
        "narHash": "sha256-fCya8JokfBk08+1zh+rxoisw6r4BBND5hpuBLEzpO/0=",
        "owner": "NixOS",
        "repo": "nixpkgs",
        "rev": "fbf69e47980252d270e05c7b45256c83fd664b46",
        "type": "github"
      },
      "original": {
        "owner": "NixOS",
        "ref": "master",
        "repo": "nixpkgs",
        "type": "github"
      }
    },
    "nixpkgs_5": {
      "locked": {
        "lastModified": 1662996720,
        "narHash": "sha256-XvLQ3SuXnDMJMpM1sv1ifPjBuRytiDYhB12H/BNTjgY=",
        "owner": "nixos",
        "repo": "nixpkgs",
        "rev": "5f326e2a403e1cebaec378e72ceaf5725983376d",
        "type": "github"
      },
      "original": {
        "owner": "nixos",
        "ref": "nixos-unstable",
        "repo": "nixpkgs",
        "type": "github"
      }
    },
    "nixpkgs_6": {
      "locked": {
        "lastModified": 1637186689,
        "narHash": "sha256-NU7BhgnwA/3ibmCeSzFK6xGi+Bari9mPfn+4cBmyEjw=",
        "owner": "NixOS",
        "repo": "nixpkgs",
        "rev": "7fad01d9d5a3f82081c00fb57918d64145dc904c",
        "type": "github"
      },
      "original": {
        "owner": "NixOS",
        "ref": "nixpkgs-unstable",
        "repo": "nixpkgs",
        "type": "github"
      }
    },
    "nixpkgs_7": {
      "locked": {
        "lastModified": 1666629043,
        "narHash": "sha256-Yoq6Ut2F3Ol73yO9hG93x6ts5c4F5BhKTbcF3DtBEAw=",
        "owner": "NixOS",
        "repo": "nixpkgs",
        "rev": "b39fd6e4edef83cb4a135ebef98751ce23becc33",
        "type": "github"
      },
      "original": {
        "owner": "NixOS",
        "ref": "nixos-unstable",
        "repo": "nixpkgs",
        "type": "github"
      }
    },
    "nixpkgs_8": {
      "locked": {
        "lastModified": 1667055375,
        "narHash": "sha256-xfSTHYxuKRiqF4dcuAFdti1OUvrC2lHpQqCHWUK5/JA=",
        "owner": "NixOS",
        "repo": "nixpkgs",
        "rev": "7f9be6a505a31f88499c5d20d11f98accf5ae6ba",
        "type": "github"
      },
      "original": {
        "id": "nixpkgs",
        "type": "indirect"
      }
    },
    "nur": {
      "locked": {
        "lastModified": 1666676809,
        "narHash": "sha256-oZ4ECJ7N+RRM/WZ4v5HlHpU2wXpLAFbHrTX3Xb0eRCM=",
        "owner": "nix-community",
        "repo": "nur",
        "rev": "f87ab9ff2ea215252532c9e7cf194c56fd8d6c38",
        "type": "github"
      },
      "original": {
        "owner": "nix-community",
        "repo": "nur",
        "type": "github"
      }
    },
    "river-src": {
      "flake": false,
      "locked": {
        "lastModified": 1663509225,
        "narHash": "sha256-orKL3imxpQXrSLj12Z3Zn5UuAW7P/JeOfoWCkb98eCM=",
        "ref": "master",
        "rev": "e35c147cd5b8fcd363b7ecc495292733b25d96f5",
        "revCount": 882,
        "submodules": true,
        "type": "git",
        "url": "https://github.com/riverwm/river.git"
      },
      "original": {
        "submodules": true,
        "type": "git",
        "url": "https://github.com/riverwm/river.git"
      }
    },
    "root": {
      "inputs": {
        "agenix": "agenix",
        "brutality": "brutality",
        "deemix-gui": "deemix-gui",
        "f2k": "f2k",
        "home-manager": "home-manager",
        "nixos-generators": "nixos-generators",
        "nixpkgs": "nixpkgs_7",
        "nur": "nur",
        "upscayl": "upscayl"
      }
    },
    "rust-analyzer-src": {
      "flake": false,
      "locked": {
        "lastModified": 1637439871,
        "narHash": "sha256-2awQ/obzl7zqYgLwbQL0zT58gN8Xq7n+81GcMiS595I=",
        "owner": "rust-analyzer",
        "repo": "rust-analyzer",
        "rev": "4566414789310acb2617543f4b50beab4bb48e06",
        "type": "github"
      },
      "original": {
        "owner": "rust-analyzer",
        "ref": "nightly",
        "repo": "rust-analyzer",
        "type": "github"
      }
    },
    "upscayl": {
      "inputs": {
        "nixpkgs": "nixpkgs_8",
        "upscayl": "upscayl_2"
      },
      "locked": {
        "lastModified": 1,
        "narHash": "sha256-PxPtrsN0HHT3eHUXwYSrjTWgMCUwEs4Rk/WlQmILXsw=",
        "path": "./derivations/upscayl",
        "type": "path"
      },
      "original": {
        "path": "./derivations/upscayl",
        "type": "path"
      }
    },
    "upscayl_2": {
      "flake": false,
      "locked": {
        "narHash": "sha256-KYPE4YO5PWNd1B+Y7+YQ8mm176naj0CWMhyZa5J97Zw=",
        "type": "file",
        "url": "https://github.com/upscayl/upscayl/releases/download/v1.5.0/Upscayl-1.5.0.AppImage"
      },
      "original": {
        "type": "file",
        "url": "https://github.com/upscayl/upscayl/releases/download/v1.5.0/Upscayl-1.5.0.AppImage"
      }
    },
    "utils": {
      "locked": {
        "lastModified": 1659877975,
        "narHash": "sha256-zllb8aq3YO3h8B/U0/J1WBgAL8EX5yWf5pMj3G0NAmc=",
        "owner": "numtide",
        "repo": "flake-utils",
        "rev": "c0e246b9b83f637f4681389ecabcb2681b4f3af0",
        "type": "github"
      },
      "original": {
        "owner": "numtide",
        "repo": "flake-utils",
        "type": "github"
      }
    },
    "wezterm-src": {
      "flake": false,
      "locked": {
        "lastModified": 1665591973,
        "narHash": "sha256-hTG07/dxoJFDIZ5irB3Nm0dnPjz+klyZXYtvhD6yW6k=",
        "ref": "main",
        "rev": "6415ba0e162bf20087dbc318d0384e7aa6913db9",
        "revCount": 6402,
        "submodules": true,
        "type": "git",
        "url": "https://github.com/wez/wezterm.git"
      },
      "original": {
        "ref": "main",
        "submodules": true,
        "type": "git",
        "url": "https://github.com/wez/wezterm.git"
      }
    }
  },
  "root": "root",
  "version": 7
}
