{
  "nodes": {
    "nixpkgs": {
      "locked": {
        "lastModified": 1663879234,
        "narHash": "sha256-zCe2EVY+Jt3I7gBgMSkuGesZ57vyt/WwIUwshiwDErk=",
        "owner": "NixOS",
        "repo": "nixpkgs",
        "rev": "a8a557e233c30b60225fa5af41cc56f8409e4afb",
        "type": "github"
      },
      "original": {
        "id": "nixpkgs",
        "type": "indirect"
      }
    },
    "root": {
      "inputs": {
        "nixpkgs": "nixpkgs",
        "upscayl": "upscayl"
      }
    },
    "upscayl": {
      "flake": false,
      "locked": {
        "narHash": "sha256-KYPE4YO5PWNd1B+Y7+YQ8mm176naj0CWMhyZa5J97Zw=",
        "type": "file",
        "url": "https://github.com/upscayl/upscayl/releases/download/v1.5.0/Upscayl-1.5.0.AppImage"
      },
      "original": {
        "type": "file",
        "url": "https://github.com/upscayl/upscayl/releases/download/v1.5.0/Upscayl-1.5.0.AppImage"
      }
    }
  },
  "root": "root",
  "version": 7
}
