{
  "nodes": {
    "deemix-gui": {
      "flake": false,
      "locked": {
        "narHash": "sha256-ug6vAYI2BcaiHv+NzhZs6995w8IgpNLCORkCEXZ8duw=",
        "type": "file",
        "url": "https://download.deemix.app/gui/linux-x64-latest.AppImage?filename=deemix-gui.AppImage"
      },
      "original": {
        "type": "file",
        "url": "https://download.deemix.app/gui/linux-x64-latest.AppImage?filename=deemix-gui.AppImage"
      }
    },
    "nixpkgs": {
      "locked": {
        "lastModified": 1664847737,
        "narHash": "sha256-Wxl0CtRH3Vo8+qEZ/PbCcx+9D8wEEi56tJPmROum2ss=",
        "owner": "NixOS",
        "repo": "nixpkgs",
        "rev": "de80d1d04ee691279e1302a1128c082bbda3ab01",
        "type": "github"
      },
      "original": {
        "id": "nixpkgs",
        "type": "indirect"
      }
    },
    "root": {
      "inputs": {
        "deemix-gui": "deemix-gui",
        "nixpkgs": "nixpkgs"
      }
    }
  },
  "root": "root",
  "version": 7
}
